
Microsoft Visual Studio Solution File, Format Version 12.00
# Visual Studio Version 17
VisualStudioVersion = 17.0.32112.339
MinimumVisualStudioVersion = 10.0.40219.1
Project("{FAE04EC0-301F-11D3-BF4B-00C04F79EFBC}") = "SistemaCadastro", "SistemaCadastro\SistemaCadastro.csproj", "{287E7955-13AD-4CCB-9C6B-55C474AA3E4D}"
EndProject
Global
	GlobalSection(SolutionConfigurationPlatforms) = preSolution
		Debug|Any CPU = Debug|Any CPU
		Release|Any CPU = Release|Any CPU
	EndGlobalSection
	GlobalSection(ProjectConfigurationPlatforms) = postSolution
		{287E7955-13AD-4CCB-9C6B-55C474AA3E4D}.Debug|Any CPU.ActiveCfg = Debug|Any CPU
		{287E7955-13AD-4CCB-9C6B-55C474AA3E4D}.Debug|Any CPU.Build.0 = Debug|Any CPU
		{287E7955-13AD-4CCB-9C6B-55C474AA3E4D}.Release|Any CPU.ActiveCfg = Release|Any CPU
		{287E7955-13AD-4CCB-9C6B-55C474AA3E4D}.Release|Any CPU.Build.0 = Release|Any CPU
	EndGlobalSection
	GlobalSection(SolutionProperties) = preSolution
		HideSolutionNode = FALSE
	EndGlobalSection
	GlobalSection(ExtensibilityGlobals) = postSolution
		SolutionGuid = {42FCD02D-D295-49AB-81D3-C738935134AA}
	EndGlobalSection
EndGlobal
